
Microsoft Visual Studio Solution File, Format Version 12.00
Project("{FAE04EC0-301F-11D3-BF4B-00C04F79EFBC}") = "Expressify", "src\Expressify\Expressify.csproj", "{C0D52624-1FC7-4A1F-8115-7D89561B38CD}"
EndProject
Project("{FAE04EC0-301F-11D3-BF4B-00C04F79EFBC}") = "Expressify.UnitTests", "test\Expressify.UnitTests\Expressify.UnitTests.csproj", "{6F2274C9-7CEB-40D7-885B-D6CD6E4C0B94}"
EndProject
Global
	GlobalSection(SolutionConfigurationPlatforms) = preSolution
		Debug|Any CPU = Debug|Any CPU
		Release|Any CPU = Release|Any CPU
	EndGlobalSection
	GlobalSection(ProjectConfigurationPlatforms) = postSolution
		{C0D52624-1FC7-4A1F-8115-7D89561B38CD}.Debug|Any CPU.ActiveCfg = Debug|Any CPU
		{C0D52624-1FC7-4A1F-8115-7D89561B38CD}.Debug|Any CPU.Build.0 = Debug|Any CPU
		{C0D52624-1FC7-4A1F-8115-7D89561B38CD}.Release|Any CPU.ActiveCfg = Release|Any CPU
		{C0D52624-1FC7-4A1F-8115-7D89561B38CD}.Release|Any CPU.Build.0 = Release|Any CPU
		{6F2274C9-7CEB-40D7-885B-D6CD6E4C0B94}.Debug|Any CPU.ActiveCfg = Debug|Any CPU
		{6F2274C9-7CEB-40D7-885B-D6CD6E4C0B94}.Debug|Any CPU.Build.0 = Debug|Any CPU
		{6F2274C9-7CEB-40D7-885B-D6CD6E4C0B94}.Release|Any CPU.ActiveCfg = Release|Any CPU
		{6F2274C9-7CEB-40D7-885B-D6CD6E4C0B94}.Release|Any CPU.Build.0 = Release|Any CPU
	EndGlobalSection
EndGlobal
